Microsoft Visual Studio Solution File, Format Version 11.00
# Visual Studio 2008

Project("{E449D1C2-9698-8A16-786D-21C01D825FE4}") = "roomba", "Assembly-CSharp.csproj", "{8A83B9BB-CBE6-D110-A403-27C539DD1CC9}"
EndProject
Global
	GlobalSection(SolutionConfigurationPlatforms) = preSolution
		Debug|Any CPU = Debug|Any CPU
		Release|Any CPU = Release|Any CPU
	EndGlobalSection
	GlobalSection(ProjectConfigurationPlatforms) = postSolution
		{8A83B9BB-CBE6-D110-A403-27C539DD1CC9}.Debug|Any CPU.ActiveCfg = Debug|Any CPU
		{8A83B9BB-CBE6-D110-A403-27C539DD1CC9}.Debug|Any CPU.Build.0 = Debug|Any CPU
		{8A83B9BB-CBE6-D110-A403-27C539DD1CC9}.Release|Any CPU.ActiveCfg = Release|Any CPU
		{8A83B9BB-CBE6-D110-A403-27C539DD1CC9}.Release|Any CPU.Build.0 = Release|Any CPU
	EndGlobalSection
	GlobalSection(SolutionProperties) = preSolution
		HideSolutionNode = FALSE
	EndGlobalSection
	GlobalSection(MonoDevelopProperties) = preSolution
		StartupItem = Assembly-CSharp.csproj
	EndGlobalSection
EndGlobal
